<?xml version="1.0" encoding="utf-8"?>
<Project ToolsVersion="4.0" xmlns="http://schemas.microsoft.com/developer/msbuild/2003">
  <ItemGroup>
    <Filter Include="Исходные файлы">
      <UniqueIdentifier>{4FC737F1-C7A5-4376-A066-2A32D752A2FF}</UniqueIdentifier>
      <Extensions>cpp;c;cc;cxx;c++;def;odl;idl;hpj;bat;asm;asmx</Extensions>
    </Filter>
    <Filter Include="Файлы заголовков">
      <UniqueIdentifier>{93995380-89BD-4b04-88EB-625FBE52EBFB}</UniqueIdentifier>
      <Extensions>h;hh;hpp;hxx;h++;hm;inl;inc;ipp;xsd</Extensions>
    </Filter>
    <Filter Include="Файлы ресурсов">
      <UniqueIdentifier>{67DA6AB6-F800-4c08-8B7A-83BB121AAD01}</UniqueIdentifier>
      <Extensions>rc;ico;cur;bmp;dlg;rc2;rct;bin;rgs;gif;jpg;jpeg;jpe;resx;tiff;tif;png;wav;mfcribbon-ms</Extensions>
    </Filter>
    <Filter Include="Grammar">
      <UniqueIdentifier>{77ae01d9-2afa-4144-beb3-c73879883c20}</UniqueIdentifier>
    </Filter>
    <Filter Include="Исходные файлы\Lexer">
      <UniqueIdentifier>{f1addc8b-7891-4be4-b83f-c12d8197b3ad}</UniqueIdentifier>
    </Filter>
    <Filter Include="Файлы заголовков\Lexer">
      <UniqueIdentifier>{05af25f4-ac87-48c9-8087-623be2bb897c}</UniqueIdentifier>
    </Filter>
    <Filter Include="Исходные файлы\BisonParser">
      <UniqueIdentifier>{bc8b5d44-291e-40bc-ac62-06980a78099c}</UniqueIdentifier>
    </Filter>
    <Filter Include="Файлы заголовков\BisonParser">
      <UniqueIdentifier>{f11d6841-8f39-4c61-bab7-bf6926257013}</UniqueIdentifier>
    </Filter>
  </ItemGroup>
  <ItemGroup>
    <ClCompile Include="src\main.c">
      <Filter>Исходные файлы</Filter>
    </ClCompile>
    <ClCompile Include="src\lexer\lexer.c">
      <Filter>Исходные файлы\Lexer</Filter>
    </ClCompile>
    <ClCompile Include="src\bisonparser\parser.c">
      <Filter>Исходные файлы\BisonParser</Filter>
    </ClCompile>
  </ItemGroup>
  <ItemGroup>
    <CustomBuild Include="grammar\mw.y">
      <Filter>Grammar</Filter>
    </CustomBuild>
  </ItemGroup>
  <ItemGroup>
    <ClInclude Include="src\bisonparser\parser.h">
      <Filter>Файлы заголовков\BisonParser</Filter>
    </ClInclude>
  </ItemGroup>
</Project>